
Microsoft Visual Studio Solution File, Format Version 12.00
# Visual Studio Version 17
VisualStudioVersion = 17.7.34018.315
MinimumVisualStudioVersion = 10.0.40219.1
Project("{9A19103F-16F7-4668-BE54-9A1E7A4F7556}") = "NGODonationDataAccessLayer", "NGODonationDataAccessLayer\NGODonationDataAccessLayer.csproj", "{2F375654-E159-4D9C-A43A-E7E569AD6836}"
EndProject
Project("{FAE04EC0-301F-11D3-BF4B-00C04F79EFBC}") = "NGODonationApp", "NGODonationApp\NGODonationApp.csproj", "{A1A909F0-B2DD-49BD-A8BB-48A5BFD8C26B}"
EndProject
Project("{FAE04EC0-301F-11D3-BF4B-00C04F79EFBC}") = "NGODonationApi", "NGODonationApi\NGODonationApi.csproj", "{5F98B12E-2300-44AD-96DC-07A1B1736D80}"
EndProject
Global
	GlobalSection(SolutionConfigurationPlatforms) = preSolution
		Debug|Any CPU = Debug|Any CPU
		Release|Any CPU = Release|Any CPU
	EndGlobalSection
	GlobalSection(ProjectConfigurationPlatforms) = postSolution
		{2F375654-E159-4D9C-A43A-E7E569AD6836}.Debug|Any CPU.ActiveCfg = Debug|Any CPU
		{2F375654-E159-4D9C-A43A-E7E569AD6836}.Debug|Any CPU.Build.0 = Debug|Any CPU
		{2F375654-E159-4D9C-A43A-E7E569AD6836}.Release|Any CPU.ActiveCfg = Release|Any CPU
		{2F375654-E159-4D9C-A43A-E7E569AD6836}.Release|Any CPU.Build.0 = Release|Any CPU
		{A1A909F0-B2DD-49BD-A8BB-48A5BFD8C26B}.Debug|Any CPU.ActiveCfg = Debug|Any CPU
		{A1A909F0-B2DD-49BD-A8BB-48A5BFD8C26B}.Debug|Any CPU.Build.0 = Debug|Any CPU
		{A1A909F0-B2DD-49BD-A8BB-48A5BFD8C26B}.Release|Any CPU.ActiveCfg = Release|Any CPU
		{A1A909F0-B2DD-49BD-A8BB-48A5BFD8C26B}.Release|Any CPU.Build.0 = Release|Any CPU
		{5F98B12E-2300-44AD-96DC-07A1B1736D80}.Debug|Any CPU.ActiveCfg = Debug|Any CPU
		{5F98B12E-2300-44AD-96DC-07A1B1736D80}.Debug|Any CPU.Build.0 = Debug|Any CPU
		{5F98B12E-2300-44AD-96DC-07A1B1736D80}.Release|Any CPU.ActiveCfg = Release|Any CPU
		{5F98B12E-2300-44AD-96DC-07A1B1736D80}.Release|Any CPU.Build.0 = Release|Any CPU
	EndGlobalSection
	GlobalSection(SolutionProperties) = preSolution
		HideSolutionNode = FALSE
	EndGlobalSection
	GlobalSection(ExtensibilityGlobals) = postSolution
		SolutionGuid = {276F64A0-6A77-4BFA-BFD5-15A804DC22C1}
	EndGlobalSection
EndGlobal
